{
  "requires": true,
  "lockfileVersion": 1,
  "dependencies": {
    "ngx-webstorage": {
      "version": "2.0.1",
      "resolved": "https://registry.npmjs.org/ngx-webstorage/-/ngx-webstorage-2.0.1.tgz",
      "integrity": "sha512-AhBkl1v5sBLYiGC1DuHxM90B8OewqyhYhm+KGtJIFxMh5dj3tlNgPokmWCtKcUZF26m8MgxDDuP5e6NeDCpYQw=="
    }
  }
}
